// !$*UTF8*$!
{
	archiveVersion = 1;
	classes = {
	};
	objectVersion = 48;
	objects = {

/* Begin PBXBuildFile section */
		9F3B49922058E3AC0087FAF7 /* AppDelegate.swift in Sources */ = {isa = PBXBuildFile; fileRef = 9F3B49912058E3AC0087FAF7 /* AppDelegate.swift */; };
		9F3B49942058E3AC0087FAF7 /* ViewController.swift in Sources */ = {isa = PBXBuildFile; fileRef = 9F3B49932058E3AC0087FAF7 /* ViewController.swift */; };
		9F3B49972058E3AC0087FAF7 /* Main.storyboard in Resources */ = {isa = PBXBuildFile; fileRef = 9F3B49952058E3AC0087FAF7 /* Main.storyboard */; };
		9F3B49992058E3AC0087FAF7 /* Assets.xcassets in Resources */ = {isa = PBXBuildFile; fileRef = 9F3B49982058E3AC0087FAF7 /* Assets.xcassets */; };
		9F3B499C2058E3AC0087FAF7 /* LaunchScreen.storyboard in Resources */ = {isa = PBXBuildFile; fileRef = 9F3B499A2058E3AC0087FAF7 /* LaunchScreen.storyboard */; };
		9F3B49A72058E3AC0087FAF7 /* Prac2_2Tests.swift in Sources */ = {isa = PBXBuildFile; fileRef = 9F3B49A62058E3AC0087FAF7 /* Prac2_2Tests.swift */; };
		9F3B49B22058E3AC0087FAF7 /* Prac2_2UITests.swift in Sources */ = {isa = PBXBuildFile; fileRef = 9F3B49B12058E3AC0087FAF7 /* Prac2_2UITests.swift */; };
/* End PBXBuildFile section */

/* Begin PBXContainerItemProxy section */
		9F3B49A32058E3AC0087FAF7 /* PBXContainerItemProxy */ = {
			isa = PBXContainerItemProxy;
			containerPortal = 9F3B49862058E3AC0087FAF7 /* Project object */;
			proxyType = 1;
			remoteGlobalIDString = 9F3B498D2058E3AC0087FAF7;
			remoteInfo = Prac2.2;
		};
		9F3B49AE2058E3AC0087FAF7 /* PBXContainerItemProxy */ = {
			isa = PBXContainerItemProxy;
			containerPortal = 9F3B49862058E3AC0087FAF7 /* Project object */;
			proxyType = 1;
			remoteGlobalIDString = 9F3B498D2058E3AC0087FAF7;
			remoteInfo = Prac2.2;
		};
/* End PBXContainerItemProxy section */

/* Begin PBXFileReference section */
		9F3B498E2058E3AC0087FAF7 /* Prac2.2.app */ = {isa = PBXFileReference; explicitFileType = wrapper.application; includeInIndex = 0; path = Prac2.2.app; sourceTree = BUILT_PRODUCTS_DIR; };
		9F3B49912058E3AC0087FAF7 /* AppDelegate.swift */ = {isa = PBXFileReference; lastKnownFileType = sourcecode.swift; path = AppDelegate.swift; sourceTree = "<group>"; };
		9F3B49932058E3AC0087FAF7 /* ViewController.swift */ = {isa = PBXFileReference; lastKnownFileType = sourcecode.swift; path = ViewController.swift; sourceTree = "<group>"; };
		9F3B49962058E3AC0087FAF7 /* Base */ = {isa = PBXFileReference; lastKnownFileType = file.storyboard; name = Base; path = Base.lproj/Main.storyboard; sourceTree = "<group>"; };
		9F3B49982058E3AC0087FAF7 /* Assets.xcassets */ = {isa = PBXFileReference; lastKnownFileType = folder.assetcatalog; path = Assets.xcassets; sourceTree = "<group>"; };
		9F3B499B2058E3AC0087FAF7 /* Base */ = {isa = PBXFileReference; lastKnownFileType = file.storyboard; name = Base; path = Base.lproj/LaunchScreen.storyboard; sourceTree = "<group>"; };
		9F3B499D2058E3AC0087FAF7 /* Info.plist */ = {isa = PBXFileReference; lastKnownFileType = text.plist.xml; path = Info.plist; sourceTree = "<group>"; };
		9F3B49A22058E3AC0087FAF7 /* Prac2.2Tests.xctest */ = {isa = PBXFileReference; explicitFileType = wrapper.cfbundle; includeInIndex = 0; path = Prac2.2Tests.xctest; sourceTree = BUILT_PRODUCTS_DIR; };
		9F3B49A62058E3AC0087FAF7 /* Prac2_2Tests.swift */ = {isa = PBXFileReference; lastKnownFileType = sourcecode.swift; path = Prac2_2Tests.swift; sourceTree = "<group>"; };
		9F3B49A82058E3AC0087FAF7 /* Info.plist */ = {isa = PBXFileReference; lastKnownFileType = text.plist.xml; path = Info.plist; sourceTree = "<group>"; };
		9F3B49AD2058E3AC0087FAF7 /* Prac2.2UITests.xctest */ = {isa = PBXFileReference; explicitFileType = wrapper.cfbundle; includeInIndex = 0; path = Prac2.2UITests.xctest; sourceTree = BUILT_PRODUCTS_DIR; };
		9F3B49B12058E3AC0087FAF7 /* Prac2_2UITests.swift */ = {isa = PBXFileReference; lastKnownFileType = sourcecode.swift; path = Prac2_2UITests.swift; sourceTree = "<group>"; };
		9F3B49B32058E3AC0087FAF7 /* Info.plist */ = {isa = PBXFileReference; lastKnownFileType = text.plist.xml; path = Info.plist; sourceTree = "<group>"; };
/* End PBXFileReference section */

/* Begin PBXFrameworksBuildPhase section */
		9F3B498B2058E3AC0087FAF7 /* Frameworks */ = {
			isa = PBXFrameworksBuildPhase;
			buildActionMask = 2147483647;
			files = (
			);
			runOnlyForDeploymentPostprocessing = 0;
		};
		9F3B499F2058E3AC0087FAF7 /* Frameworks */ = {
			isa = PBXFrameworksBuildPhase;
			buildActionMask = 2147483647;
			files = (
			);
			runOnlyForDeploymentPostprocessing = 0;
		};
		9F3B49AA2058E3AC0087FAF7 /* Frameworks */ = {
			isa = PBXFrameworksBuildPhase;
			buildActionMask = 2147483647;
			files = (
			);
			runOnlyForDeploymentPostprocessing = 0;
		};
/* End PBXFrameworksBuildPhase section */

/* Begin PBXGroup section */
		9F3B49852058E3AC0087FAF7 = {
			isa = PBXGroup;
			children = (
				9F3B49902058E3AC0087FAF7 /* Prac2.2 */,
				9F3B49A52058E3AC0087FAF7 /* Prac2.2Tests */,
				9F3B49B02058E3AC0087FAF7 /* Prac2.2UITests */,
				9F3B498F2058E3AC0087FAF7 /* Products */,
			);
			sourceTree = "<group>";
		};
		9F3B498F2058E3AC0087FAF7 /* Products */ = {
			isa = PBXGroup;
			children = (
				9F3B498E2058E3AC0087FAF7 /* Prac2.2.app */,
				9F3B49A22058E3AC0087FAF7 /* Prac2.2Tests.xctest */,
				9F3B49AD2058E3AC0087FAF7 /* Prac2.2UITests.xctest */,
			);
			name = Products;
			sourceTree = "<group>";
		};
		9F3B49902058E3AC0087FAF7 /* Prac2.2 */ = {
			isa = PBXGroup;
			children = (
				9F3B49912058E3AC0087FAF7 /* AppDelegate.swift */,
				9F3B49932058E3AC0087FAF7 /* ViewController.swift */,
				9F3B49952058E3AC0087FAF7 /* Main.storyboard */,
				9F3B49982058E3AC0087FAF7 /* Assets.xcassets */,
				9F3B499A2058E3AC0087FAF7 /* LaunchScreen.storyboard */,
				9F3B499D2058E3AC0087FAF7 /* Info.plist */,
			);
			path = Prac2.2;
			sourceTree = "<group>";
		};
		9F3B49A52058E3AC0087FAF7 /* Prac2.2Tests */ = {
			isa = PBXGroup;
			children = (
				9F3B49A62058E3AC0087FAF7 /* Prac2_2Tests.swift */,
				9F3B49A82058E3AC0087FAF7 /* Info.plist */,
			);
			path = Prac2.2Tests;
			sourceTree = "<group>";
		};
		9F3B49B02058E3AC0087FAF7 /* Prac2.2UITests */ = {
			isa = PBXGroup;
			children = (
				9F3B49B12058E3AC0087FAF7 /* Prac2_2UITests.swift */,
				9F3B49B32058E3AC0087FAF7 /* Info.plist */,
			);
			path = Prac2.2UITests;
			sourceTree = "<group>";
		};
/* End PBXGroup section */

/* Begin PBXNativeTarget section */
		9F3B498D2058E3AC0087FAF7 /* Prac2.2 */ = {
			isa = PBXNativeTarget;
			buildConfigurationList = 9F3B49B62058E3AC0087FAF7 /* Build configuration list for PBXNativeTarget "Prac2.2" */;
			buildPhases = (
				9F3B498A2058E3AC0087FAF7 /* Sources */,
				9F3B498B2058E3AC0087FAF7 /* Frameworks */,
				9F3B498C2058E3AC0087FAF7 /* Resources */,
			);
			buildRules = (
			);
			dependencies = (
			);
			name = Prac2.2;
			productName = Prac2.2;
			productReference = 9F3B498E2058E3AC0087FAF7 /* Prac2.2.app */;
			productType = "com.apple.product-type.application";
		};
		9F3B49A12058E3AC0087FAF7 /* Prac2.2Tests */ = {
			isa = PBXNativeTarget;
			buildConfigurationList = 9F3B49B92058E3AC0087FAF7 /* Build configuration list for PBXNativeTarget "Prac2.2Tests" */;
			buildPhases = (
				9F3B499E2058E3AC0087FAF7 /* Sources */,
				9F3B499F2058E3AC0087FAF7 /* Frameworks */,
				9F3B49A02058E3AC0087FAF7 /* Resources */,
			);
			buildRules = (
			);
			dependencies = (
				9F3B49A42058E3AC0087FAF7 /* PBXTargetDependency */,
			);
			name = Prac2.2Tests;
			productName = Prac2.2Tests;
			productReference = 9F3B49A22058E3AC0087FAF7 /* Prac2.2Tests.xctest */;
			productType = "com.apple.product-type.bundle.unit-test";
		};
		9F3B49AC2058E3AC0087FAF7 /* Prac2.2UITests */ = {
			isa = PBXNativeTarget;
			buildConfigurationList = 9F3B49BC2058E3AC0087FAF7 /* Build configuration list for PBXNativeTarget "Prac2.2UITests" */;
			buildPhases = (
				9F3B49A92058E3AC0087FAF7 /* Sources */,
				9F3B49AA2058E3AC0087FAF7 /* Frameworks */,
				9F3B49AB2058E3AC0087FAF7 /* Resources */,
			);
			buildRules = (
			);
			dependencies = (
				9F3B49AF2058E3AC0087FAF7 /* PBXTargetDependency */,
			);
			name = Prac2.2UITests;
			productName = Prac2.2UITests;
			productReference = 9F3B49AD2058E3AC0087FAF7 /* Prac2.2UITests.xctest */;
			productType = "com.apple.product-type.bundle.ui-testing";
		};
/* End PBXNativeTarget section */

/* Begin PBXProject section */
		9F3B49862058E3AC0087FAF7 /* Project object */ = {
			isa = PBXProject;
			attributes = {
				LastSwiftUpdateCheck = 0920;
				LastUpgradeCheck = 0920;
				ORGANIZATIONNAME = "Tianhao Zhang";
				TargetAttributes = {
					9F3B498D2058E3AC0087FAF7 = {
						CreatedOnToolsVersion = 9.2;
						ProvisioningStyle = Automatic;
					};
					9F3B49A12058E3AC0087FAF7 = {
						CreatedOnToolsVersion = 9.2;
						ProvisioningStyle = Automatic;
						TestTargetID = 9F3B498D2058E3AC0087FAF7;
					};
					9F3B49AC2058E3AC0087FAF7 = {
						CreatedOnToolsVersion = 9.2;
						ProvisioningStyle = Automatic;
						TestTargetID = 9F3B498D2058E3AC0087FAF7;
					};
				};
			};
			buildConfigurationList = 9F3B49892058E3AC0087FAF7 /* Build configuration list for PBXProject "Prac2.2" */;
			compatibilityVersion = "Xcode 8.0";
			developmentRegion = en;
			hasScannedForEncodings = 0;
			knownRegions = (
				en,
				Base,
			);
			mainGroup = 9F3B49852058E3AC0087FAF7;
			productRefGroup = 9F3B498F2058E3AC0087FAF7 /* Products */;
			projectDirPath = "";
			projectRoot = "";
			targets = (
				9F3B498D2058E3AC0087FAF7 /* Prac2.2 */,
				9F3B49A12058E3AC0087FAF7 /* Prac2.2Tests */,
				9F3B49AC2058E3AC0087FAF7 /* Prac2.2UITests */,
			);
		};
/* End PBXProject section */

/* Begin PBXResourcesBuildPhase section */
		9F3B498C2058E3AC0087FAF7 /* Resources */ = {
			isa = PBXResourcesBuildPhase;
			buildActionMask = 2147483647;
			files = (
				9F3B499C2058E3AC0087FAF7 /* LaunchScreen.storyboard in Resources */,
				9F3B49992058E3AC0087FAF7 /* Assets.xcassets in Resources */,
				9F3B49972058E3AC0087FAF7 /* Main.storyboard in Resources */,
			);
			runOnlyForDeploymentPostprocessing = 0;
		};
		9F3B49A02058E3AC0087FAF7 /* Resources */ = {
			isa = PBXResourcesBuildPhase;
			buildActionMask = 2147483647;
			files = (
			);
			runOnlyForDeploymentPostprocessing = 0;
		};
		9F3B49AB2058E3AC0087FAF7 /* Resources */ = {
			isa = PBXResourcesBuildPhase;
			buildActionMask = 2147483647;
			files = (
			);
			runOnlyForDeploymentPostprocessing = 0;
		};
/* End PBXResourcesBuildPhase section */

/* Begin PBXSourcesBuildPhase section */
		9F3B498A2058E3AC0087FAF7 /* Sources */ = {
			isa = PBXSourcesBuildPhase;
			buildActionMask = 2147483647;
			files = (
				9F3B49942058E3AC0087FAF7 /* ViewController.swift in Sources */,
				9F3B49922058E3AC0087FAF7 /* AppDelegate.swift in Sources */,
			);
			runOnlyForDeploymentPostprocessing = 0;
		};
		9F3B499E2058E3AC0087FAF7 /* Sources */ = {
			isa = PBXSourcesBuildPhase;
			buildActionMask = 2147483647;
			files = (
				9F3B49A72058E3AC0087FAF7 /* Prac2_2Tests.swift in Sources */,
			);
			runOnlyForDeploymentPostprocessing = 0;
		};
		9F3B49A92058E3AC0087FAF7 /* Sources */ = {
			isa = PBXSourcesBuildPhase;
			buildActionMask = 2147483647;
			files = (
				9F3B49B22058E3AC0087FAF7 /* Prac2_2UITests.swift in Sources */,
			);
			runOnlyForDeploymentPostprocessing = 0;
		};
/* End PBXSourcesBuildPhase section */

/* Begin PBXTargetDependency section */
		9F3B49A42058E3AC0087FAF7 /* PBXTargetDependency */ = {
			isa = PBXTargetDependency;
			target = 9F3B498D2058E3AC0087FAF7 /* Prac2.2 */;
			targetProxy = 9F3B49A32058E3AC0087FAF7 /* PBXContainerItemProxy */;
		};
		9F3B49AF2058E3AC0087FAF7 /* PBXTargetDependency */ = {
			isa = PBXTargetDependency;
			target = 9F3B498D2058E3AC0087FAF7 /* Prac2.2 */;
			targetProxy = 9F3B49AE2058E3AC0087FAF7 /* PBXContainerItemProxy */;
		};
/* End PBXTargetDependency section */

/* Begin PBXVariantGroup section */
		9F3B49952058E3AC0087FAF7 /* Main.storyboard */ = {
			isa = PBXVariantGroup;
			children = (
				9F3B49962058E3AC0087FAF7 /* Base */,
			);
			name = Main.storyboard;
			sourceTree = "<group>";
		};
		9F3B499A2058E3AC0087FAF7 /* LaunchScreen.storyboard */ = {
			isa = PBXVariantGroup;
			children = (
				9F3B499B2058E3AC0087FAF7 /* Base */,
			);
			name = LaunchScreen.storyboard;
			sourceTree = "<group>";
		};
/* End PBXVariantGroup section */

/* Begin XCBuildConfiguration section */
		9F3B49B42058E3AC0087FAF7 /* Debug */ = {
			isa = XCBuildConfiguration;
			buildSettings = {
				ALWAYS_SEARCH_USER_PATHS = NO;
				CLANG_ANALYZER_NONNULL = YES;
				CLANG_ANALYZER_NUMBER_OBJECT_CONVERSION = YES_AGGRESSIVE;
				CLANG_CXX_LANGUAGE_STANDARD = "gnu++14";
				CLANG_CXX_LIBRARY = "libc++";
				CLANG_ENABLE_MODULES = YES;
				CLANG_ENABLE_OBJC_ARC = YES;
				CLANG_WARN_BLOCK_CAPTURE_AUTORELEASING = YES;
				CLANG_WARN_BOOL_CONVERSION = YES;
				CLANG_WARN_COMMA = YES;
				CLANG_WARN_CONSTANT_CONVERSION = YES;
				CLANG_WARN_DIRECT_OBJC_ISA_USAGE = YES_ERROR;
				CLANG_WARN_DOCUMENTATION_COMMENTS = YES;
				CLANG_WARN_EMPTY_BODY = YES;
				CLANG_WARN_ENUM_CONVERSION = YES;
				CLANG_WARN_INFINITE_RECURSION = YES;
				CLANG_WARN_INT_CONVERSION = YES;
				CLANG_WARN_NON_LITERAL_NULL_CONVERSION = YES;
				CLANG_WARN_OBJC_LITERAL_CONVERSION = YES;
				CLANG_WARN_OBJC_ROOT_CLASS = YES_ERROR;
				CLANG_WARN_RANGE_LOOP_ANALYSIS = YES;
				CLANG_WARN_STRICT_PROTOTYPES = YES;
				CLANG_WARN_SUSPICIOUS_MOVE = YES;
				CLANG_WARN_UNGUARDED_AVAILABILITY = YES_AGGRESSIVE;
				CLANG_WARN_UNREACHABLE_CODE = YES;
				CLANG_WARN__DUPLICATE_METHOD_MATCH = YES;
				CODE_SIGN_IDENTITY = "iPhone Developer";
				COPY_PHASE_STRIP = NO;
				DEBUG_INFORMATION_FORMAT = dwarf;
				ENABLE_STRICT_OBJC_MSGSEND = YES;
				ENABLE_TESTABILITY = YES;
				GCC_C_LANGUAGE_STANDARD = gnu11;
				GCC_DYNAMIC_NO_PIC = NO;
				GCC_NO_COMMON_BLOCKS = YES;
				GCC_OPTIMIZATION_LEVEL = 0;
				GCC_PREPROCESSOR_DEFINITIONS = (
					"DEBUG=1",
					"$(inherited)",
				);
				GCC_WARN_64_TO_32_BIT_CONVERSION = YES;
				GCC_WARN_ABOUT_RETURN_TYPE = YES_ERROR;
				GCC_WARN_UNDECLARED_SELECTOR = YES;
				GCC_WARN_UNINITIALIZED_AUTOS = YES_AGGRESSIVE;
				GCC_WARN_UNUSED_FUNCTION = YES;
				GCC_WARN_UNUSED_VARIABLE = YES;
				IPHONEOS_DEPLOYMENT_TARGET = 11.2;
				MTL_ENABLE_DEBUG_INFO = YES;
				ONLY_ACTIVE_ARCH = YES;
				SDKROOT = iphoneos;
				SWIFT_ACTIVE_COMPILATION_CONDITIONS = DEBUG;
				SWIFT_OPTIMIZATION_LEVEL = "-Onone";
			};
			name = Debug;
		};
		9F3B49B52058E3AC0087FAF7 /* Release */ = {
			isa = XCBuildConfiguration;
			buildSettings = {
				ALWAYS_SEARCH_USER_PATHS = NO;
				CLANG_ANALYZER_NONNULL = YES;
				CLANG_ANALYZER_NUMBER_OBJECT_CONVERSION = YES_AGGRESSIVE;
				CLANG_CXX_LANGUAGE_STANDARD = "gnu++14";
				CLANG_CXX_LIBRARY = "libc++";
				CLANG_ENABLE_MODULES = YES;
				CLANG_ENABLE_OBJC_ARC = YES;
				CLANG_WARN_BLOCK_CAPTURE_AUTORELEASING = YES;
				CLANG_WARN_BOOL_CONVERSION = YES;
				CLANG_WARN_COMMA = YES;
				CLANG_WARN_CONSTANT_CONVERSION = YES;
				CLANG_WARN_DIRECT_OBJC_ISA_USAGE = YES_ERROR;
				CLANG_WARN_DOCUMENTATION_COMMENTS = YES;
				CLANG_WARN_EMPTY_BODY = YES;
				CLANG_WARN_ENUM_CONVERSION = YES;
				CLANG_WARN_INFINITE_RECURSION = YES;
				CLANG_WARN_INT_CONVERSION = YES;
				CLANG_WARN_NON_LITERAL_NULL_CONVERSION = YES;
				CLANG_WARN_OBJC_LITERAL_CONVERSION = YES;
				CLANG_WARN_OBJC_ROOT_CLASS = YES_ERROR;
				CLANG_WARN_RANGE_LOOP_ANALYSIS = YES;
				CLANG_WARN_STRICT_PROTOTYPES = YES;
				CLANG_WARN_SUSPICIOUS_MOVE = YES;
				CLANG_WARN_UNGUARDED_AVAILABILITY = YES_AGGRESSIVE;
				CLANG_WARN_UNREACHABLE_CODE = YES;
				CLANG_WARN__DUPLICATE_METHOD_MATCH = YES;
				CODE_SIGN_IDENTITY = "iPhone Developer";
				COPY_PHASE_STRIP = NO;
				DEBUG_INFORMATION_FORMAT = "dwarf-with-dsym";
				ENABLE_NS_ASSERTIONS = NO;
				ENABLE_STRICT_OBJC_MSGSEND = YES;
				GCC_C_LANGUAGE_STANDARD = gnu11;
				GCC_NO_COMMON_BLOCKS = YES;
				GCC_WARN_64_TO_32_BIT_CONVERSION = YES;
				GCC_WARN_ABOUT_RETURN_TYPE = YES_ERROR;
				GCC_WARN_UNDECLARED_SELECTOR = YES;
				GCC_WARN_UNINITIALIZED_AUTOS = YES_AGGRESSIVE;
				GCC_WARN_UNUSED_FUNCTION = YES;
				GCC_WARN_UNUSED_VARIABLE = YES;
				IPHONEOS_DEPLOYMENT_TARGET = 11.2;
				MTL_ENABLE_DEBUG_INFO = NO;
				SDKROOT = iphoneos;
				SWIFT_OPTIMIZATION_LEVEL = "-Owholemodule";
				VALIDATE_PRODUCT = YES;
			};
			name = Release;
		};
		9F3B49B72058E3AC0087FAF7 /* Debug */ = {
			isa = XCBuildConfiguration;
			buildSettings = {
				ASSETCATALOG_COMPILER_APPICON_NAME = AppIcon;
				CODE_SIGN_STYLE = Automatic;
				INFOPLIST_FILE = Prac2.2/Info.plist;
				LD_RUNPATH_SEARCH_PATHS = "$(inherited) @executable_path/Frameworks";
				PRODUCT_BUNDLE_IDENTIFIER = "AZ.Prac2-2";
				PRODUCT_NAME = "$(TARGET_NAME)";
				SWIFT_VERSION = 4.0;
				TARGETED_DEVICE_FAMILY = "1,2";
			};
			name = Debug;
		};
		9F3B49B82058E3AC0087FAF7 /* Release */ = {
			isa = XCBuildConfiguration;
			buildSettings = {
				ASSETCATALOG_COMPILER_APPICON_NAME = AppIcon;
				CODE_SIGN_STYLE = Automatic;
				INFOPLIST_FILE = Prac2.2/Info.plist;
				LD_RUNPATH_SEARCH_PATHS = "$(inherited) @executable_path/Frameworks";
				PRODUCT_BUNDLE_IDENTIFIER = "AZ.Prac2-2";
				PRODUCT_NAME = "$(TARGET_NAME)";
				SWIFT_VERSION = 4.0;
				TARGETED_DEVICE_FAMILY = "1,2";
			};
			name = Release;
		};
		9F3B49BA2058E3AC0087FAF7 /* Debug */ = {
			isa = XCBuildConfiguration;
			buildSettings = {
				ALWAYS_EMBED_SWIFT_STANDARD_LIBRARIES = YES;
				BUNDLE_LOADER = "$(TEST_HOST)";
				CODE_SIGN_STYLE = Automatic;
				INFOPLIST_FILE = Prac2.2Tests/Info.plist;
				LD_RUNPATH_SEARCH_PATHS = "$(inherited) @executable_path/Frameworks @loader_path/Frameworks";
				PRODUCT_BUNDLE_IDENTIFIER = "AZ.Prac2-2Tests";
				PRODUCT_NAME = "$(TARGET_NAME)";
				SWIFT_VERSION = 4.0;
				TARGETED_DEVICE_FAMILY = "1,2";
				TEST_HOST = "$(BUILT_PRODUCTS_DIR)/Prac2.2.app/Prac2.2";
			};
			name = Debug;
		};
		9F3B49BB2058E3AC0087FAF7 /* Release */ = {
			isa = XCBuildConfiguration;
			buildSettings = {
				ALWAYS_EMBED_SWIFT_STANDARD_LIBRARIES = YES;
				BUNDLE_LOADER = "$(TEST_HOST)";
				CODE_SIGN_STYLE = Automatic;
				INFOPLIST_FILE = Prac2.2Tests/Info.plist;
				LD_RUNPATH_SEARCH_PATHS = "$(inherited) @executable_path/Frameworks @loader_path/Frameworks";
				PRODUCT_BUNDLE_IDENTIFIER = "AZ.Prac2-2Tests";
				PRODUCT_NAME = "$(TARGET_NAME)";
				SWIFT_VERSION = 4.0;
				TARGETED_DEVICE_FAMILY = "1,2";
				TEST_HOST = "$(BUILT_PRODUCTS_DIR)/Prac2.2.app/Prac2.2";
			};
			name = Release;
		};
		9F3B49BD2058E3AC0087FAF7 /* Debug */ = {
			isa = XCBuildConfiguration;
			buildSettings = {
				ALWAYS_EMBED_SWIFT_STANDARD_LIBRARIES = YES;
				CODE_SIGN_STYLE = Automatic;
				INFOPLIST_FILE = Prac2.2UITests/Info.plist;
				LD_RUNPATH_SEARCH_PATHS = "$(inherited) @executable_path/Frameworks @loader_path/Frameworks";
				PRODUCT_BUNDLE_IDENTIFIER = "AZ.Prac2-2UITests";
				PRODUCT_NAME = "$(TARGET_NAME)";
				SWIFT_VERSION = 4.0;
				TARGETED_DEVICE_FAMILY = "1,2";
				TEST_TARGET_NAME = Prac2.2;
			};
			name = Debug;
		};
		9F3B49BE2058E3AC0087FAF7 /* Release */ = {
			isa = XCBuildConfiguration;
			buildSettings = {
				ALWAYS_EMBED_SWIFT_STANDARD_LIBRARIES = YES;
				CODE_SIGN_STYLE = Automatic;
				INFOPLIST_FILE = Prac2.2UITests/Info.plist;
				LD_RUNPATH_SEARCH_PATHS = "$(inherited) @executable_path/Frameworks @loader_path/Frameworks";
				PRODUCT_BUNDLE_IDENTIFIER = "AZ.Prac2-2UITests";
				PRODUCT_NAME = "$(TARGET_NAME)";
				SWIFT_VERSION = 4.0;
				TARGETED_DEVICE_FAMILY = "1,2";
				TEST_TARGET_NAME = Prac2.2;
			};
			name = Release;
		};
/* End XCBuildConfiguration section */

/* Begin XCConfigurationList section */
		9F3B49892058E3AC0087FAF7 /* Build configuration list for PBXProject "Prac2.2" */ = {
			isa = XCConfigurationList;
			buildConfigurations = (
				9F3B49B42058E3AC0087FAF7 /* Debug */,
				9F3B49B52058E3AC0087FAF7 /* Release */,
			);
			defaultConfigurationIsVisible = 0;
			defaultConfigurationName = Release;
		};
		9F3B49B62058E3AC0087FAF7 /* Build configuration list for PBXNativeTarget "Prac2.2" */ = {
			isa = XCConfigurationList;
			buildConfigurations = (
				9F3B49B72058E3AC0087FAF7 /* Debug */,
				9F3B49B82058E3AC0087FAF7 /* Release */,
			);
			defaultConfigurationIsVisible = 0;
			defaultConfigurationName = Release;
		};
		9F3B49B92058E3AC0087FAF7 /* Build configuration list for PBXNativeTarget "Prac2.2Tests" */ = {
			isa = XCConfigurationList;
			buildConfigurations = (
				9F3B49BA2058E3AC0087FAF7 /* Debug */,
				9F3B49BB2058E3AC0087FAF7 /* Release */,
			);
			defaultConfigurationIsVisible = 0;
			defaultConfigurationName = Release;
		};
		9F3B49BC2058E3AC0087FAF7 /* Build configuration list for PBXNativeTarget "Prac2.2UITests" */ = {
			isa = XCConfigurationList;
			buildConfigurations = (
				9F3B49BD2058E3AC0087FAF7 /* Debug */,
				9F3B49BE2058E3AC0087FAF7 /* Release */,
			);
			defaultConfigurationIsVisible = 0;
			defaultConfigurationName = Release;
		};
/* End XCConfigurationList section */
	};
	rootObject = 9F3B49862058E3AC0087FAF7 /* Project object */;
}
