// !$*UTF8*$!
{
	archiveVersion = 1;
	classes = {
	};
	objectVersion = 48;
	objects = {

/* Begin PBXBuildFile section */
		9F3B49542058D7740087FAF7 /* AppDelegate.swift in Sources */ = {isa = PBXBuildFile; fileRef = 9F3B49532058D7740087FAF7 /* AppDelegate.swift */; };
		9F3B49562058D7740087FAF7 /* ViewController.swift in Sources */ = {isa = PBXBuildFile; fileRef = 9F3B49552058D7740087FAF7 /* ViewController.swift */; };
		9F3B49592058D7740087FAF7 /* Main.storyboard in Resources */ = {isa = PBXBuildFile; fileRef = 9F3B49572058D7740087FAF7 /* Main.storyboard */; };
		9F3B495B2058D7740087FAF7 /* Assets.xcassets in Resources */ = {isa = PBXBuildFile; fileRef = 9F3B495A2058D7740087FAF7 /* Assets.xcassets */; };
		9F3B495E2058D7740087FAF7 /* LaunchScreen.storyboard in Resources */ = {isa = PBXBuildFile; fileRef = 9F3B495C2058D7740087FAF7 /* LaunchScreen.storyboard */; };
		9F3B49692058D7740087FAF7 /* Prac2Tests.swift in Sources */ = {isa = PBXBuildFile; fileRef = 9F3B49682058D7740087FAF7 /* Prac2Tests.swift */; };
		9F3B49742058D7740087FAF7 /* Prac2UITests.swift in Sources */ = {isa = PBXBuildFile; fileRef = 9F3B49732058D7740087FAF7 /* Prac2UITests.swift */; };
/* End PBXBuildFile section */

/* Begin PBXContainerItemProxy section */
		9F3B49652058D7740087FAF7 /* PBXContainerItemProxy */ = {
			isa = PBXContainerItemProxy;
			containerPortal = 9F3B49482058D7730087FAF7 /* Project object */;
			proxyType = 1;
			remoteGlobalIDString = 9F3B494F2058D7740087FAF7;
			remoteInfo = Prac2;
		};
		9F3B49702058D7740087FAF7 /* PBXContainerItemProxy */ = {
			isa = PBXContainerItemProxy;
			containerPortal = 9F3B49482058D7730087FAF7 /* Project object */;
			proxyType = 1;
			remoteGlobalIDString = 9F3B494F2058D7740087FAF7;
			remoteInfo = Prac2;
		};
/* End PBXContainerItemProxy section */

/* Begin PBXFileReference section */
		9F3B49502058D7740087FAF7 /* Prac2.app */ = {isa = PBXFileReference; explicitFileType = wrapper.application; includeInIndex = 0; path = Prac2.app; sourceTree = BUILT_PRODUCTS_DIR; };
		9F3B49532058D7740087FAF7 /* AppDelegate.swift */ = {isa = PBXFileReference; lastKnownFileType = sourcecode.swift; path = AppDelegate.swift; sourceTree = "<group>"; };
		9F3B49552058D7740087FAF7 /* ViewController.swift */ = {isa = PBXFileReference; lastKnownFileType = sourcecode.swift; path = ViewController.swift; sourceTree = "<group>"; };
		9F3B49582058D7740087FAF7 /* Base */ = {isa = PBXFileReference; lastKnownFileType = file.storyboard; name = Base; path = Base.lproj/Main.storyboard; sourceTree = "<group>"; };
		9F3B495A2058D7740087FAF7 /* Assets.xcassets */ = {isa = PBXFileReference; lastKnownFileType = folder.assetcatalog; path = Assets.xcassets; sourceTree = "<group>"; };
		9F3B495D2058D7740087FAF7 /* Base */ = {isa = PBXFileReference; lastKnownFileType = file.storyboard; name = Base; path = Base.lproj/LaunchScreen.storyboard; sourceTree = "<group>"; };
		9F3B495F2058D7740087FAF7 /* Info.plist */ = {isa = PBXFileReference; lastKnownFileType = text.plist.xml; path = Info.plist; sourceTree = "<group>"; };
		9F3B49642058D7740087FAF7 /* Prac2Tests.xctest */ = {isa = PBXFileReference; explicitFileType = wrapper.cfbundle; includeInIndex = 0; path = Prac2Tests.xctest; sourceTree = BUILT_PRODUCTS_DIR; };
		9F3B49682058D7740087FAF7 /* Prac2Tests.swift */ = {isa = PBXFileReference; lastKnownFileType = sourcecode.swift; path = Prac2Tests.swift; sourceTree = "<group>"; };
		9F3B496A2058D7740087FAF7 /* Info.plist */ = {isa = PBXFileReference; lastKnownFileType = text.plist.xml; path = Info.plist; sourceTree = "<group>"; };
		9F3B496F2058D7740087FAF7 /* Prac2UITests.xctest */ = {isa = PBXFileReference; explicitFileType = wrapper.cfbundle; includeInIndex = 0; path = Prac2UITests.xctest; sourceTree = BUILT_PRODUCTS_DIR; };
		9F3B49732058D7740087FAF7 /* Prac2UITests.swift */ = {isa = PBXFileReference; lastKnownFileType = sourcecode.swift; path = Prac2UITests.swift; sourceTree = "<group>"; };
		9F3B49752058D7740087FAF7 /* Info.plist */ = {isa = PBXFileReference; lastKnownFileType = text.plist.xml; path = Info.plist; sourceTree = "<group>"; };
/* End PBXFileReference section */

/* Begin PBXFrameworksBuildPhase section */
		9F3B494D2058D7740087FAF7 /* Frameworks */ = {
			isa = PBXFrameworksBuildPhase;
			buildActionMask = 2147483647;
			files = (
			);
			runOnlyForDeploymentPostprocessing = 0;
		};
		9F3B49612058D7740087FAF7 /* Frameworks */ = {
			isa = PBXFrameworksBuildPhase;
			buildActionMask = 2147483647;
			files = (
			);
			runOnlyForDeploymentPostprocessing = 0;
		};
		9F3B496C2058D7740087FAF7 /* Frameworks */ = {
			isa = PBXFrameworksBuildPhase;
			buildActionMask = 2147483647;
			files = (
			);
			runOnlyForDeploymentPostprocessing = 0;
		};
/* End PBXFrameworksBuildPhase section */

/* Begin PBXGroup section */
		9F3B49472058D7730087FAF7 = {
			isa = PBXGroup;
			children = (
				9F3B49522058D7740087FAF7 /* Prac2 */,
				9F3B49672058D7740087FAF7 /* Prac2Tests */,
				9F3B49722058D7740087FAF7 /* Prac2UITests */,
				9F3B49512058D7740087FAF7 /* Products */,
			);
			sourceTree = "<group>";
		};
		9F3B49512058D7740087FAF7 /* Products */ = {
			isa = PBXGroup;
			children = (
				9F3B49502058D7740087FAF7 /* Prac2.app */,
				9F3B49642058D7740087FAF7 /* Prac2Tests.xctest */,
				9F3B496F2058D7740087FAF7 /* Prac2UITests.xctest */,
			);
			name = Products;
			sourceTree = "<group>";
		};
		9F3B49522058D7740087FAF7 /* Prac2 */ = {
			isa = PBXGroup;
			children = (
				9F3B49532058D7740087FAF7 /* AppDelegate.swift */,
				9F3B49552058D7740087FAF7 /* ViewController.swift */,
				9F3B49572058D7740087FAF7 /* Main.storyboard */,
				9F3B495A2058D7740087FAF7 /* Assets.xcassets */,
				9F3B495C2058D7740087FAF7 /* LaunchScreen.storyboard */,
				9F3B495F2058D7740087FAF7 /* Info.plist */,
			);
			path = Prac2;
			sourceTree = "<group>";
		};
		9F3B49672058D7740087FAF7 /* Prac2Tests */ = {
			isa = PBXGroup;
			children = (
				9F3B49682058D7740087FAF7 /* Prac2Tests.swift */,
				9F3B496A2058D7740087FAF7 /* Info.plist */,
			);
			path = Prac2Tests;
			sourceTree = "<group>";
		};
		9F3B49722058D7740087FAF7 /* Prac2UITests */ = {
			isa = PBXGroup;
			children = (
				9F3B49732058D7740087FAF7 /* Prac2UITests.swift */,
				9F3B49752058D7740087FAF7 /* Info.plist */,
			);
			path = Prac2UITests;
			sourceTree = "<group>";
		};
/* End PBXGroup section */

/* Begin PBXNativeTarget section */
		9F3B494F2058D7740087FAF7 /* Prac2 */ = {
			isa = PBXNativeTarget;
			buildConfigurationList = 9F3B49782058D7740087FAF7 /* Build configuration list for PBXNativeTarget "Prac2" */;
			buildPhases = (
				9F3B494C2058D7740087FAF7 /* Sources */,
				9F3B494D2058D7740087FAF7 /* Frameworks */,
				9F3B494E2058D7740087FAF7 /* Resources */,
			);
			buildRules = (
			);
			dependencies = (
			);
			name = Prac2;
			productName = Prac2;
			productReference = 9F3B49502058D7740087FAF7 /* Prac2.app */;
			productType = "com.apple.product-type.application";
		};
		9F3B49632058D7740087FAF7 /* Prac2Tests */ = {
			isa = PBXNativeTarget;
			buildConfigurationList = 9F3B497B2058D7740087FAF7 /* Build configuration list for PBXNativeTarget "Prac2Tests" */;
			buildPhases = (
				9F3B49602058D7740087FAF7 /* Sources */,
				9F3B49612058D7740087FAF7 /* Frameworks */,
				9F3B49622058D7740087FAF7 /* Resources */,
			);
			buildRules = (
			);
			dependencies = (
				9F3B49662058D7740087FAF7 /* PBXTargetDependency */,
			);
			name = Prac2Tests;
			productName = Prac2Tests;
			productReference = 9F3B49642058D7740087FAF7 /* Prac2Tests.xctest */;
			productType = "com.apple.product-type.bundle.unit-test";
		};
		9F3B496E2058D7740087FAF7 /* Prac2UITests */ = {
			isa = PBXNativeTarget;
			buildConfigurationList = 9F3B497E2058D7740087FAF7 /* Build configuration list for PBXNativeTarget "Prac2UITests" */;
			buildPhases = (
				9F3B496B2058D7740087FAF7 /* Sources */,
				9F3B496C2058D7740087FAF7 /* Frameworks */,
				9F3B496D2058D7740087FAF7 /* Resources */,
			);
			buildRules = (
			);
			dependencies = (
				9F3B49712058D7740087FAF7 /* PBXTargetDependency */,
			);
			name = Prac2UITests;
			productName = Prac2UITests;
			productReference = 9F3B496F2058D7740087FAF7 /* Prac2UITests.xctest */;
			productType = "com.apple.product-type.bundle.ui-testing";
		};
/* End PBXNativeTarget section */

/* Begin PBXProject section */
		9F3B49482058D7730087FAF7 /* Project object */ = {
			isa = PBXProject;
			attributes = {
				LastSwiftUpdateCheck = 0920;
				LastUpgradeCheck = 0930;
				ORGANIZATIONNAME = "Tianhao Zhang";
				TargetAttributes = {
					9F3B494F2058D7740087FAF7 = {
						CreatedOnToolsVersion = 9.2;
						ProvisioningStyle = Automatic;
					};
					9F3B49632058D7740087FAF7 = {
						CreatedOnToolsVersion = 9.2;
						ProvisioningStyle = Automatic;
						TestTargetID = 9F3B494F2058D7740087FAF7;
					};
					9F3B496E2058D7740087FAF7 = {
						CreatedOnToolsVersion = 9.2;
						ProvisioningStyle = Automatic;
						TestTargetID = 9F3B494F2058D7740087FAF7;
					};
				};
			};
			buildConfigurationList = 9F3B494B2058D7730087FAF7 /* Build configuration list for PBXProject "Prac2" */;
			compatibilityVersion = "Xcode 8.0";
			developmentRegion = en;
			hasScannedForEncodings = 0;
			knownRegions = (
				en,
				Base,
			);
			mainGroup = 9F3B49472058D7730087FAF7;
			productRefGroup = 9F3B49512058D7740087FAF7 /* Products */;
			projectDirPath = "";
			projectRoot = "";
			targets = (
				9F3B494F2058D7740087FAF7 /* Prac2 */,
				9F3B49632058D7740087FAF7 /* Prac2Tests */,
				9F3B496E2058D7740087FAF7 /* Prac2UITests */,
			);
		};
/* End PBXProject section */

/* Begin PBXResourcesBuildPhase section */
		9F3B494E2058D7740087FAF7 /* Resources */ = {
			isa = PBXResourcesBuildPhase;
			buildActionMask = 2147483647;
			files = (
				9F3B495E2058D7740087FAF7 /* LaunchScreen.storyboard in Resources */,
				9F3B495B2058D7740087FAF7 /* Assets.xcassets in Resources */,
				9F3B49592058D7740087FAF7 /* Main.storyboard in Resources */,
			);
			runOnlyForDeploymentPostprocessing = 0;
		};
		9F3B49622058D7740087FAF7 /* Resources */ = {
			isa = PBXResourcesBuildPhase;
			buildActionMask = 2147483647;
			files = (
			);
			runOnlyForDeploymentPostprocessing = 0;
		};
		9F3B496D2058D7740087FAF7 /* Resources */ = {
			isa = PBXResourcesBuildPhase;
			buildActionMask = 2147483647;
			files = (
			);
			runOnlyForDeploymentPostprocessing = 0;
		};
/* End PBXResourcesBuildPhase section */

/* Begin PBXSourcesBuildPhase section */
		9F3B494C2058D7740087FAF7 /* Sources */ = {
			isa = PBXSourcesBuildPhase;
			buildActionMask = 2147483647;
			files = (
				9F3B49562058D7740087FAF7 /* ViewController.swift in Sources */,
				9F3B49542058D7740087FAF7 /* AppDelegate.swift in Sources */,
			);
			runOnlyForDeploymentPostprocessing = 0;
		};
		9F3B49602058D7740087FAF7 /* Sources */ = {
			isa = PBXSourcesBuildPhase;
			buildActionMask = 2147483647;
			files = (
				9F3B49692058D7740087FAF7 /* Prac2Tests.swift in Sources */,
			);
			runOnlyForDeploymentPostprocessing = 0;
		};
		9F3B496B2058D7740087FAF7 /* Sources */ = {
			isa = PBXSourcesBuildPhase;
			buildActionMask = 2147483647;
			files = (
				9F3B49742058D7740087FAF7 /* Prac2UITests.swift in Sources */,
			);
			runOnlyForDeploymentPostprocessing = 0;
		};
/* End PBXSourcesBuildPhase section */

/* Begin PBXTargetDependency section */
		9F3B49662058D7740087FAF7 /* PBXTargetDependency */ = {
			isa = PBXTargetDependency;
			target = 9F3B494F2058D7740087FAF7 /* Prac2 */;
			targetProxy = 9F3B49652058D7740087FAF7 /* PBXContainerItemProxy */;
		};
		9F3B49712058D7740087FAF7 /* PBXTargetDependency */ = {
			isa = PBXTargetDependency;
			target = 9F3B494F2058D7740087FAF7 /* Prac2 */;
			targetProxy = 9F3B49702058D7740087FAF7 /* PBXContainerItemProxy */;
		};
/* End PBXTargetDependency section */

/* Begin PBXVariantGroup section */
		9F3B49572058D7740087FAF7 /* Main.storyboard */ = {
			isa = PBXVariantGroup;
			children = (
				9F3B49582058D7740087FAF7 /* Base */,
			);
			name = Main.storyboard;
			sourceTree = "<group>";
		};
		9F3B495C2058D7740087FAF7 /* LaunchScreen.storyboard */ = {
			isa = PBXVariantGroup;
			children = (
				9F3B495D2058D7740087FAF7 /* Base */,
			);
			name = LaunchScreen.storyboard;
			sourceTree = "<group>";
		};
/* End PBXVariantGroup section */

/* Begin XCBuildConfiguration section */
		9F3B49762058D7740087FAF7 /* Debug */ = {
			isa = XCBuildConfiguration;
			buildSettings = {
				ALWAYS_SEARCH_USER_PATHS = NO;
				CLANG_ANALYZER_NONNULL = YES;
				CLANG_ANALYZER_NUMBER_OBJECT_CONVERSION = YES_AGGRESSIVE;
				CLANG_CXX_LANGUAGE_STANDARD = "gnu++14";
				CLANG_CXX_LIBRARY = "libc++";
				CLANG_ENABLE_MODULES = YES;
				CLANG_ENABLE_OBJC_ARC = YES;
				CLANG_WARN_BLOCK_CAPTURE_AUTORELEASING = YES;
				CLANG_WARN_BOOL_CONVERSION = YES;
				CLANG_WARN_COMMA = YES;
				CLANG_WARN_CONSTANT_CONVERSION = YES;
				CLANG_WARN_DEPRECATED_OBJC_IMPLEMENTATIONS = YES;
				CLANG_WARN_DIRECT_OBJC_ISA_USAGE = YES_ERROR;
				CLANG_WARN_DOCUMENTATION_COMMENTS = YES;
				CLANG_WARN_EMPTY_BODY = YES;
				CLANG_WARN_ENUM_CONVERSION = YES;
				CLANG_WARN_INFINITE_RECURSION = YES;
				CLANG_WARN_INT_CONVERSION = YES;
				CLANG_WARN_NON_LITERAL_NULL_CONVERSION = YES;
				CLANG_WARN_OBJC_IMPLICIT_RETAIN_SELF = YES;
				CLANG_WARN_OBJC_LITERAL_CONVERSION = YES;
				CLANG_WARN_OBJC_ROOT_CLASS = YES_ERROR;
				CLANG_WARN_RANGE_LOOP_ANALYSIS = YES;
				CLANG_WARN_STRICT_PROTOTYPES = YES;
				CLANG_WARN_SUSPICIOUS_MOVE = YES;
				CLANG_WARN_UNGUARDED_AVAILABILITY = YES_AGGRESSIVE;
				CLANG_WARN_UNREACHABLE_CODE = YES;
				CLANG_WARN__DUPLICATE_METHOD_MATCH = YES;
				CODE_SIGN_IDENTITY = "iPhone Developer";
				COPY_PHASE_STRIP = NO;
				DEBUG_INFORMATION_FORMAT = dwarf;
				ENABLE_STRICT_OBJC_MSGSEND = YES;
				ENABLE_TESTABILITY = YES;
				GCC_C_LANGUAGE_STANDARD = gnu11;
				GCC_DYNAMIC_NO_PIC = NO;
				GCC_NO_COMMON_BLOCKS = YES;
				GCC_OPTIMIZATION_LEVEL = 0;
				GCC_PREPROCESSOR_DEFINITIONS = (
					"DEBUG=1",
					"$(inherited)",
				);
				GCC_WARN_64_TO_32_BIT_CONVERSION = YES;
				GCC_WARN_ABOUT_RETURN_TYPE = YES_ERROR;
				GCC_WARN_UNDECLARED_SELECTOR = YES;
				GCC_WARN_UNINITIALIZED_AUTOS = YES_AGGRESSIVE;
				GCC_WARN_UNUSED_FUNCTION = YES;
				GCC_WARN_UNUSED_VARIABLE = YES;
				IPHONEOS_DEPLOYMENT_TARGET = 11.2;
				MTL_ENABLE_DEBUG_INFO = YES;
				ONLY_ACTIVE_ARCH = YES;
				SDKROOT = iphoneos;
				SWIFT_ACTIVE_COMPILATION_CONDITIONS = DEBUG;
				SWIFT_OPTIMIZATION_LEVEL = "-Onone";
			};
			name = Debug;
		};
		9F3B49772058D7740087FAF7 /* Release */ = {
			isa = XCBuildConfiguration;
			buildSettings = {
				ALWAYS_SEARCH_USER_PATHS = NO;
				CLANG_ANALYZER_NONNULL = YES;
				CLANG_ANALYZER_NUMBER_OBJECT_CONVERSION = YES_AGGRESSIVE;
				CLANG_CXX_LANGUAGE_STANDARD = "gnu++14";
				CLANG_CXX_LIBRARY = "libc++";
				CLANG_ENABLE_MODULES = YES;
				CLANG_ENABLE_OBJC_ARC = YES;
				CLANG_WARN_BLOCK_CAPTURE_AUTORELEASING = YES;
				CLANG_WARN_BOOL_CONVERSION = YES;
				CLANG_WARN_COMMA = YES;
				CLANG_WARN_CONSTANT_CONVERSION = YES;
				CLANG_WARN_DEPRECATED_OBJC_IMPLEMENTATIONS = YES;
				CLANG_WARN_DIRECT_OBJC_ISA_USAGE = YES_ERROR;
				CLANG_WARN_DOCUMENTATION_COMMENTS = YES;
				CLANG_WARN_EMPTY_BODY = YES;
				CLANG_WARN_ENUM_CONVERSION = YES;
				CLANG_WARN_INFINITE_RECURSION = YES;
				CLANG_WARN_INT_CONVERSION = YES;
				CLANG_WARN_NON_LITERAL_NULL_CONVERSION = YES;
				CLANG_WARN_OBJC_IMPLICIT_RETAIN_SELF = YES;
				CLANG_WARN_OBJC_LITERAL_CONVERSION = YES;
				CLANG_WARN_OBJC_ROOT_CLASS = YES_ERROR;
				CLANG_WARN_RANGE_LOOP_ANALYSIS = YES;
				CLANG_WARN_STRICT_PROTOTYPES = YES;
				CLANG_WARN_SUSPICIOUS_MOVE = YES;
				CLANG_WARN_UNGUARDED_AVAILABILITY = YES_AGGRESSIVE;
				CLANG_WARN_UNREACHABLE_CODE = YES;
				CLANG_WARN__DUPLICATE_METHOD_MATCH = YES;
				CODE_SIGN_IDENTITY = "iPhone Developer";
				COPY_PHASE_STRIP = NO;
				DEBUG_INFORMATION_FORMAT = "dwarf-with-dsym";
				ENABLE_NS_ASSERTIONS = NO;
				ENABLE_STRICT_OBJC_MSGSEND = YES;
				GCC_C_LANGUAGE_STANDARD = gnu11;
				GCC_NO_COMMON_BLOCKS = YES;
				GCC_WARN_64_TO_32_BIT_CONVERSION = YES;
				GCC_WARN_ABOUT_RETURN_TYPE = YES_ERROR;
				GCC_WARN_UNDECLARED_SELECTOR = YES;
				GCC_WARN_UNINITIALIZED_AUTOS = YES_AGGRESSIVE;
				GCC_WARN_UNUSED_FUNCTION = YES;
				GCC_WARN_UNUSED_VARIABLE = YES;
				IPHONEOS_DEPLOYMENT_TARGET = 11.2;
				MTL_ENABLE_DEBUG_INFO = NO;
				SDKROOT = iphoneos;
				SWIFT_OPTIMIZATION_LEVEL = "-Owholemodule";
				VALIDATE_PRODUCT = YES;
			};
			name = Release;
		};
		9F3B49792058D7740087FAF7 /* Debug */ = {
			isa = XCBuildConfiguration;
			buildSettings = {
				ASSETCATALOG_COMPILER_APPICON_NAME = AppIcon;
				CODE_SIGN_STYLE = Automatic;
				INFOPLIST_FILE = Prac2/Info.plist;
				LD_RUNPATH_SEARCH_PATHS = "$(inherited) @executable_path/Frameworks";
				PRODUCT_BUNDLE_IDENTIFIER = AZ.Prac2;
				PRODUCT_NAME = "$(TARGET_NAME)";
				SWIFT_VERSION = 4.0;
				TARGETED_DEVICE_FAMILY = "1,2";
			};
			name = Debug;
		};
		9F3B497A2058D7740087FAF7 /* Release */ = {
			isa = XCBuildConfiguration;
			buildSettings = {
				ASSETCATALOG_COMPILER_APPICON_NAME = AppIcon;
				CODE_SIGN_STYLE = Automatic;
				INFOPLIST_FILE = Prac2/Info.plist;
				LD_RUNPATH_SEARCH_PATHS = "$(inherited) @executable_path/Frameworks";
				PRODUCT_BUNDLE_IDENTIFIER = AZ.Prac2;
				PRODUCT_NAME = "$(TARGET_NAME)";
				SWIFT_VERSION = 4.0;
				TARGETED_DEVICE_FAMILY = "1,2";
			};
			name = Release;
		};
		9F3B497C2058D7740087FAF7 /* Debug */ = {
			isa = XCBuildConfiguration;
			buildSettings = {
				ALWAYS_EMBED_SWIFT_STANDARD_LIBRARIES = YES;
				BUNDLE_LOADER = "$(TEST_HOST)";
				CODE_SIGN_STYLE = Automatic;
				INFOPLIST_FILE = Prac2Tests/Info.plist;
				LD_RUNPATH_SEARCH_PATHS = "$(inherited) @executable_path/Frameworks @loader_path/Frameworks";
				PRODUCT_BUNDLE_IDENTIFIER = AZ.Prac2Tests;
				PRODUCT_NAME = "$(TARGET_NAME)";
				SWIFT_VERSION = 4.0;
				TARGETED_DEVICE_FAMILY = "1,2";
				TEST_HOST = "$(BUILT_PRODUCTS_DIR)/Prac2.app/Prac2";
			};
			name = Debug;
		};
		9F3B497D2058D7740087FAF7 /* Release */ = {
			isa = XCBuildConfiguration;
			buildSettings = {
				ALWAYS_EMBED_SWIFT_STANDARD_LIBRARIES = YES;
				BUNDLE_LOADER = "$(TEST_HOST)";
				CODE_SIGN_STYLE = Automatic;
				INFOPLIST_FILE = Prac2Tests/Info.plist;
				LD_RUNPATH_SEARCH_PATHS = "$(inherited) @executable_path/Frameworks @loader_path/Frameworks";
				PRODUCT_BUNDLE_IDENTIFIER = AZ.Prac2Tests;
				PRODUCT_NAME = "$(TARGET_NAME)";
				SWIFT_VERSION = 4.0;
				TARGETED_DEVICE_FAMILY = "1,2";
				TEST_HOST = "$(BUILT_PRODUCTS_DIR)/Prac2.app/Prac2";
			};
			name = Release;
		};
		9F3B497F2058D7740087FAF7 /* Debug */ = {
			isa = XCBuildConfiguration;
			buildSettings = {
				ALWAYS_EMBED_SWIFT_STANDARD_LIBRARIES = YES;
				CODE_SIGN_STYLE = Automatic;
				INFOPLIST_FILE = Prac2UITests/Info.plist;
				LD_RUNPATH_SEARCH_PATHS = "$(inherited) @executable_path/Frameworks @loader_path/Frameworks";
				PRODUCT_BUNDLE_IDENTIFIER = AZ.Prac2UITests;
				PRODUCT_NAME = "$(TARGET_NAME)";
				SWIFT_VERSION = 4.0;
				TARGETED_DEVICE_FAMILY = "1,2";
				TEST_TARGET_NAME = Prac2;
			};
			name = Debug;
		};
		9F3B49802058D7740087FAF7 /* Release */ = {
			isa = XCBuildConfiguration;
			buildSettings = {
				ALWAYS_EMBED_SWIFT_STANDARD_LIBRARIES = YES;
				CODE_SIGN_STYLE = Automatic;
				INFOPLIST_FILE = Prac2UITests/Info.plist;
				LD_RUNPATH_SEARCH_PATHS = "$(inherited) @executable_path/Frameworks @loader_path/Frameworks";
				PRODUCT_BUNDLE_IDENTIFIER = AZ.Prac2UITests;
				PRODUCT_NAME = "$(TARGET_NAME)";
				SWIFT_VERSION = 4.0;
				TARGETED_DEVICE_FAMILY = "1,2";
				TEST_TARGET_NAME = Prac2;
			};
			name = Release;
		};
/* End XCBuildConfiguration section */

/* Begin XCConfigurationList section */
		9F3B494B2058D7730087FAF7 /* Build configuration list for PBXProject "Prac2" */ = {
			isa = XCConfigurationList;
			buildConfigurations = (
				9F3B49762058D7740087FAF7 /* Debug */,
				9F3B49772058D7740087FAF7 /* Release */,
			);
			defaultConfigurationIsVisible = 0;
			defaultConfigurationName = Release;
		};
		9F3B49782058D7740087FAF7 /* Build configuration list for PBXNativeTarget "Prac2" */ = {
			isa = XCConfigurationList;
			buildConfigurations = (
				9F3B49792058D7740087FAF7 /* Debug */,
				9F3B497A2058D7740087FAF7 /* Release */,
			);
			defaultConfigurationIsVisible = 0;
			defaultConfigurationName = Release;
		};
		9F3B497B2058D7740087FAF7 /* Build configuration list for PBXNativeTarget "Prac2Tests" */ = {
			isa = XCConfigurationList;
			buildConfigurations = (
				9F3B497C2058D7740087FAF7 /* Debug */,
				9F3B497D2058D7740087FAF7 /* Release */,
			);
			defaultConfigurationIsVisible = 0;
			defaultConfigurationName = Release;
		};
		9F3B497E2058D7740087FAF7 /* Build configuration list for PBXNativeTarget "Prac2UITests" */ = {
			isa = XCConfigurationList;
			buildConfigurations = (
				9F3B497F2058D7740087FAF7 /* Debug */,
				9F3B49802058D7740087FAF7 /* Release */,
			);
			defaultConfigurationIsVisible = 0;
			defaultConfigurationName = Release;
		};
/* End XCConfigurationList section */
	};
	rootObject = 9F3B49482058D7730087FAF7 /* Project object */;
}
